# THIS IS AN AUTOGENERATED FILE. DO NOT EDIT THIS FILE DIRECTLY.
# yarn lockfile v1


"@types/node-windows@^0.1.2":
  version "0.1.2"
  resolved "https://registry.yarnpkg.com/@types/node-windows/-/node-windows-0.1.2.tgz#ddd6a492ec8fb22ce6032443aad17a339557cc28"
  integrity sha512-Luni8arbv20PGunfPtqSHtmcm1if6t3sWuYj4aUGexalb3rUNw1a9M0GDU35Vrx012De6q37kP9IU+tYCYn/DA==
  dependencies:
    "@types/node" "*"

"@types/node@*":
  version "17.0.8"
  resolved "https://registry.yarnpkg.com/@types/node/-/node-17.0.8.tgz#50d680c8a8a78fe30abe6906453b21ad8ab0ad7b"
  integrity sha512-YofkM6fGv4gDJq78g4j0mMuGMkZVxZDgtU0JRdx6FgiJDG+0fY0GKVolOV8WqVmEhLCXkQRjwDdKyPxJp/uucg==

minimist@~0.0.1:
  version "0.0.10"
  resolved "https://registry.yarnpkg.com/minimist/-/minimist-0.0.10.tgz#de3f98543dbf96082be48ad1a0c7cda836301dcf"
  integrity sha1-3j+YVD2/lggr5IrRoMfNqDYwHc8=

node-windows@^1.0.0-beta.6:
  version "1.0.0-beta.6"
  resolved "https://registry.yarnpkg.com/node-windows/-/node-windows-1.0.0-beta.6.tgz#04bf66946760bb8507f1d1326267587b56b8c8b3"
  integrity sha512-Ehig70tF9A9Wns4VMpnsvT7dyat/d2fio6C4g1RAEaAi+piAjN6Wc+/fdSOifl8YCCncVllijv5Q9wdyHvdgeA==
  dependencies:
    optimist "~0.6.0"
    xml "0.0.12"

optimist@~0.6.0:
  version "0.6.1"
  resolved "https://registry.yarnpkg.com/optimist/-/optimist-0.6.1.tgz#da3ea74686fa21a19a111c326e90eb15a0196686"
  integrity sha1-2j6nRob6IaGaERwybpDrFaAZZoY=
  dependencies:
    minimist "~0.0.1"
    wordwrap "~0.0.2"

typescript@^4.5.4:
  version "4.5.4"
  resolved "https://registry.yarnpkg.com/typescript/-/typescript-4.5.4.tgz#a17d3a0263bf5c8723b9c52f43c5084edf13c2e8"
  integrity sha512-VgYs2A2QIRuGphtzFV7aQJduJ2gyfTljngLzjpfW9FoYZF6xuw1W0vW9ghCKLfcWrCFxK81CSGRAvS1pn4fIUg==

wordwrap@~0.0.2:
  version "0.0.3"
  resolved "https://registry.yarnpkg.com/wordwrap/-/wordwrap-0.0.3.tgz#a3d5da6cd5c0bc0008d37234bbaf1bed63059107"
  integrity sha1-o9XabNXAvAAI03I0u68b7WMFkQc=

xml@0.0.12:
  version "0.0.12"
  resolved "https://registry.yarnpkg.com/xml/-/xml-0.0.12.tgz#f08b347109912be00285785f46f15ad8e50a5f67"
  integrity sha1-8Is0cQmRK+AChXhfRvFa2OUKX2c=
